// !$*UTF8*$!
{
	archiveVersion = 1;
	classes = {
	};
	objectVersion = 51;
	objects = {

/* Begin PBXBuildFile section */
		90FCE2B9F4B85A56356C0CE1 /* Pods_SocialNetwork.framework in Frameworks */ = {isa = PBXBuildFile; fileRef = 4EDBF4DA8281C9E95045D943 /* Pods_SocialNetwork.framework */; };
		CB06374B2392E9D00039CB55 /* AlertViewController.swift in Sources */ = {isa = PBXBuildFile; fileRef = CB06374A2392E9D00039CB55 /* AlertViewController.swift */; };
		CB697DBF23904F64003A1E09 /* AppDelegate.swift in Sources */ = {isa = PBXBuildFile; fileRef = CB697DBE23904F64003A1E09 /* AppDelegate.swift */; };
		CB697DC123904F64003A1E09 /* SceneDelegate.swift in Sources */ = {isa = PBXBuildFile; fileRef = CB697DC023904F64003A1E09 /* SceneDelegate.swift */; };
		CB697DC323904F64003A1E09 /* PeopleViewController.swift in Sources */ = {isa = PBXBuildFile; fileRef = CB697DC223904F64003A1E09 /* PeopleViewController.swift */; };
		CB697DC623904F64003A1E09 /* People.storyboard in Resources */ = {isa = PBXBuildFile; fileRef = CB697DC423904F64003A1E09 /* People.storyboard */; };
		CB697DC823904F67003A1E09 /* Assets.xcassets in Resources */ = {isa = PBXBuildFile; fileRef = CB697DC723904F67003A1E09 /* Assets.xcassets */; };
		CB697DCB23904F67003A1E09 /* LaunchScreen.storyboard in Resources */ = {isa = PBXBuildFile; fileRef = CB697DC923904F67003A1E09 /* LaunchScreen.storyboard */; };
		CB8808FE23905E86001DAD2A /* BaseViewController.swift in Sources */ = {isa = PBXBuildFile; fileRef = CB8808FD23905E86001DAD2A /* BaseViewController.swift */; };
		CB88090B2390622D001DAD2A /* Gilroy-Regular.otf in Resources */ = {isa = PBXBuildFile; fileRef = CB8809022390622D001DAD2A /* Gilroy-Regular.otf */; };
		CB8809102390622D001DAD2A /* Gilroy-Bold.otf in Resources */ = {isa = PBXBuildFile; fileRef = CB8809072390622D001DAD2A /* Gilroy-Bold.otf */; };
		CB8809112390622D001DAD2A /* Gilroy-Semibold.otf in Resources */ = {isa = PBXBuildFile; fileRef = CB8809082390622D001DAD2A /* Gilroy-Semibold.otf */; };
		CB88091623906400001DAD2A /* PeopleTableViewCell.swift in Sources */ = {isa = PBXBuildFile; fileRef = CB88091523906400001DAD2A /* PeopleTableViewCell.swift */; };
		CB88091923906AE0001DAD2A /* UIColor.swift in Sources */ = {isa = PBXBuildFile; fileRef = CB88091823906AE0001DAD2A /* UIColor.swift */; };
		CB88091D23907132001DAD2A /* CALayer.swift in Sources */ = {isa = PBXBuildFile; fileRef = CB88091B23907132001DAD2A /* CALayer.swift */; };
		CB88092223907A7C001DAD2A /* Hind-Bold.ttf in Resources */ = {isa = PBXBuildFile; fileRef = CB88091F23907A7C001DAD2A /* Hind-Bold.ttf */; };
		CB88092323907A7C001DAD2A /* Hind-SemiBold.ttf in Resources */ = {isa = PBXBuildFile; fileRef = CB88092023907A7C001DAD2A /* Hind-SemiBold.ttf */; };
		CB88092423907A7C001DAD2A /* Hind-Regular.ttf in Resources */ = {isa = PBXBuildFile; fileRef = CB88092123907A7C001DAD2A /* Hind-Regular.ttf */; };
		CB8809272390868F001DAD2A /* HapticManager.swift in Sources */ = {isa = PBXBuildFile; fileRef = CB8809262390868E001DAD2A /* HapticManager.swift */; };
		CBAB49B42392EE150020587E /* Person.swift in Sources */ = {isa = PBXBuildFile; fileRef = CBAB49B32392EE150020587E /* Person.swift */; };
		CBAD00E12391831B0005E8C7 /* ManagePeopleViewController.swift in Sources */ = {isa = PBXBuildFile; fileRef = CBAD00E02391831B0005E8C7 /* ManagePeopleViewController.swift */; };
/* End PBXBuildFile section */

/* Begin PBXFileReference section */
		2DD6320D203A61FFA2C4A479 /* Pods-SocialNetwork.release.xcconfig */ = {isa = PBXFileReference; includeInIndex = 1; lastKnownFileType = text.xcconfig; name = "Pods-SocialNetwork.release.xcconfig"; path = "Target Support Files/Pods-SocialNetwork/Pods-SocialNetwork.release.xcconfig"; sourceTree = "<group>"; };
		4EDBF4DA8281C9E95045D943 /* Pods_SocialNetwork.framework */ = {isa = PBXFileReference; explicitFileType = wrapper.framework; includeInIndex = 0; path = Pods_SocialNetwork.framework; sourceTree = BUILT_PRODUCTS_DIR; };
		CB06374A2392E9D00039CB55 /* AlertViewController.swift */ = {isa = PBXFileReference; lastKnownFileType = sourcecode.swift; path = AlertViewController.swift; sourceTree = "<group>"; };
		CB697DBB23904F64003A1E09 /* SocialNetwork.app */ = {isa = PBXFileReference; explicitFileType = wrapper.application; includeInIndex = 0; path = SocialNetwork.app; sourceTree = BUILT_PRODUCTS_DIR; };
		CB697DBE23904F64003A1E09 /* AppDelegate.swift */ = {isa = PBXFileReference; lastKnownFileType = sourcecode.swift; path = AppDelegate.swift; sourceTree = "<group>"; };
		CB697DC023904F64003A1E09 /* SceneDelegate.swift */ = {isa = PBXFileReference; lastKnownFileType = sourcecode.swift; path = SceneDelegate.swift; sourceTree = "<group>"; };
		CB697DC223904F64003A1E09 /* PeopleViewController.swift */ = {isa = PBXFileReference; lastKnownFileType = sourcecode.swift; path = PeopleViewController.swift; sourceTree = "<group>"; };
		CB697DC523904F64003A1E09 /* Base */ = {isa = PBXFileReference; lastKnownFileType = file.storyboard; name = Base; path = Base.lproj/People.storyboard; sourceTree = "<group>"; };
		CB697DC723904F67003A1E09 /* Assets.xcassets */ = {isa = PBXFileReference; lastKnownFileType = folder.assetcatalog; path = Assets.xcassets; sourceTree = "<group>"; };
		CB697DCA23904F67003A1E09 /* Base */ = {isa = PBXFileReference; lastKnownFileType = file.storyboard; name = Base; path = Base.lproj/LaunchScreen.storyboard; sourceTree = "<group>"; };
		CB697DCC23904F67003A1E09 /* Info.plist */ = {isa = PBXFileReference; lastKnownFileType = text.plist.xml; path = Info.plist; sourceTree = "<group>"; };
		CB8808FD23905E86001DAD2A /* BaseViewController.swift */ = {isa = PBXFileReference; lastKnownFileType = sourcecode.swift; path = BaseViewController.swift; sourceTree = "<group>"; };
		CB8809022390622D001DAD2A /* Gilroy-Regular.otf */ = {isa = PBXFileReference; lastKnownFileType = file; path = "Gilroy-Regular.otf"; sourceTree = "<group>"; };
		CB8809072390622D001DAD2A /* Gilroy-Bold.otf */ = {isa = PBXFileReference; lastKnownFileType = file; path = "Gilroy-Bold.otf"; sourceTree = "<group>"; };
		CB8809082390622D001DAD2A /* Gilroy-Semibold.otf */ = {isa = PBXFileReference; lastKnownFileType = file; path = "Gilroy-Semibold.otf"; sourceTree = "<group>"; };
		CB88091523906400001DAD2A /* PeopleTableViewCell.swift */ = {isa = PBXFileReference; lastKnownFileType = sourcecode.swift; path = PeopleTableViewCell.swift; sourceTree = "<group>"; };
		CB88091823906AE0001DAD2A /* UIColor.swift */ = {isa = PBXFileReference; lastKnownFileType = sourcecode.swift; path = UIColor.swift; sourceTree = "<group>"; };
		CB88091B23907132001DAD2A /* CALayer.swift */ = {isa = PBXFileReference; fileEncoding = 4; lastKnownFileType = sourcecode.swift; path = CALayer.swift; sourceTree = "<group>"; };
		CB88091F23907A7C001DAD2A /* Hind-Bold.ttf */ = {isa = PBXFileReference; lastKnownFileType = file; path = "Hind-Bold.ttf"; sourceTree = "<group>"; };
		CB88092023907A7C001DAD2A /* Hind-SemiBold.ttf */ = {isa = PBXFileReference; lastKnownFileType = file; path = "Hind-SemiBold.ttf"; sourceTree = "<group>"; };
		CB88092123907A7C001DAD2A /* Hind-Regular.ttf */ = {isa = PBXFileReference; lastKnownFileType = file; path = "Hind-Regular.ttf"; sourceTree = "<group>"; };
		CB8809262390868E001DAD2A /* HapticManager.swift */ = {isa = PBXFileReference; fileEncoding = 4; lastKnownFileType = sourcecode.swift; path = HapticManager.swift; sourceTree = "<group>"; };
		CBAB49B32392EE150020587E /* Person.swift */ = {isa = PBXFileReference; lastKnownFileType = sourcecode.swift; path = Person.swift; sourceTree = "<group>"; };
		CBAD00E02391831B0005E8C7 /* ManagePeopleViewController.swift */ = {isa = PBXFileReference; lastKnownFileType = sourcecode.swift; path = ManagePeopleViewController.swift; sourceTree = "<group>"; };
		D79D83B0C2A0C71B2F148A47 /* Pods-SocialNetwork.debug.xcconfig */ = {isa = PBXFileReference; includeInIndex = 1; lastKnownFileType = text.xcconfig; name = "Pods-SocialNetwork.debug.xcconfig"; path = "Target Support Files/Pods-SocialNetwork/Pods-SocialNetwork.debug.xcconfig"; sourceTree = "<group>"; };
/* End PBXFileReference section */

/* Begin PBXFrameworksBuildPhase section */
		CB697DB823904F64003A1E09 /* Frameworks */ = {
			isa = PBXFrameworksBuildPhase;
			buildActionMask = 2147483647;
			files = (
				90FCE2B9F4B85A56356C0CE1 /* Pods_SocialNetwork.framework in Frameworks */,
			);
			runOnlyForDeploymentPostprocessing = 0;
		};
/* End PBXFrameworksBuildPhase section */

/* Begin PBXGroup section */
		15E19B5102C627B4D329959A /* Pods */ = {
			isa = PBXGroup;
			children = (
				D79D83B0C2A0C71B2F148A47 /* Pods-SocialNetwork.debug.xcconfig */,
				2DD6320D203A61FFA2C4A479 /* Pods-SocialNetwork.release.xcconfig */,
			);
			path = Pods;
			sourceTree = "<group>";
		};
		CB3F8FC823905BCD00C3ABE0 /* Controllers */ = {
			isa = PBXGroup;
			children = (
				CB3F8FC923905BE300C3ABE0 /* People */,
			);
			path = Controllers;
			sourceTree = "<group>";
		};
		CB3F8FC923905BE300C3ABE0 /* People */ = {
			isa = PBXGroup;
			children = (
				CB880914239063DF001DAD2A /* Cells */,
				CB697DC423904F64003A1E09 /* People.storyboard */,
				CB697DC223904F64003A1E09 /* PeopleViewController.swift */,
				CBAD00E02391831B0005E8C7 /* ManagePeopleViewController.swift */,
			);
			path = People;
			sourceTree = "<group>";
		};
		CB697DB223904F64003A1E09 = {
			isa = PBXGroup;
			children = (
				CB697DBD23904F64003A1E09 /* SocialNetwork */,
				CB697DBC23904F64003A1E09 /* Products */,
				15E19B5102C627B4D329959A /* Pods */,
				DD9975DD63EF315FA08C738E /* Frameworks */,
			);
			sourceTree = "<group>";
		};
		CB697DBC23904F64003A1E09 /* Products */ = {
			isa = PBXGroup;
			children = (
				CB697DBB23904F64003A1E09 /* SocialNetwork.app */,
			);
			name = Products;
			sourceTree = "<group>";
		};
		CB697DBD23904F64003A1E09 /* SocialNetwork */ = {
			isa = PBXGroup;
			children = (
				CB8808FB23905E3F001DAD2A /* Common */,
				CB3F8FC823905BCD00C3ABE0 /* Controllers */,
				CB697DBE23904F64003A1E09 /* AppDelegate.swift */,
				CB697DC023904F64003A1E09 /* SceneDelegate.swift */,
				CB697DC723904F67003A1E09 /* Assets.xcassets */,
				CB697DC923904F67003A1E09 /* LaunchScreen.storyboard */,
				CB697DCC23904F67003A1E09 /* Info.plist */,
			);
			path = SocialNetwork;
			sourceTree = "<group>";
		};
		CB8808FB23905E3F001DAD2A /* Common */ = {
			isa = PBXGroup;
			children = (
				CB8808FF2390622D001DAD2A /* Assets */,
				CB8808FC23905E46001DAD2A /* Base */,
				CB88091723906ACC001DAD2A /* Extensions */,
				CB8809252390868E001DAD2A /* Managers */,
				CBAB49B22392EDFA0020587E /* Models */,
			);
			path = Common;
			sourceTree = "<group>";
		};
		CB8808FC23905E46001DAD2A /* Base */ = {
			isa = PBXGroup;
			children = (
				CB8808FD23905E86001DAD2A /* BaseViewController.swift */,
				CB06374A2392E9D00039CB55 /* AlertViewController.swift */,
			);
			path = Base;
			sourceTree = "<group>";
		};
		CB8808FF2390622D001DAD2A /* Assets */ = {
			isa = PBXGroup;
			children = (
				CB8809002390622D001DAD2A /* Fonts */,
			);
			path = Assets;
			sourceTree = "<group>";
		};
		CB8809002390622D001DAD2A /* Fonts */ = {
			isa = PBXGroup;
			children = (
				CB88091E23907A7C001DAD2A /* Hind */,
				CB8809012390622D001DAD2A /* Gilroy */,
			);
			path = Fonts;
			sourceTree = "<group>";
		};
		CB8809012390622D001DAD2A /* Gilroy */ = {
			isa = PBXGroup;
			children = (
				CB8809022390622D001DAD2A /* Gilroy-Regular.otf */,
				CB8809072390622D001DAD2A /* Gilroy-Bold.otf */,
				CB8809082390622D001DAD2A /* Gilroy-Semibold.otf */,
			);
			path = Gilroy;
			sourceTree = "<group>";
		};
		CB880914239063DF001DAD2A /* Cells */ = {
			isa = PBXGroup;
			children = (
				CB88091523906400001DAD2A /* PeopleTableViewCell.swift */,
			);
			path = Cells;
			sourceTree = "<group>";
		};
		CB88091723906ACC001DAD2A /* Extensions */ = {
			isa = PBXGroup;
			children = (
				CB88091823906AE0001DAD2A /* UIColor.swift */,
				CB88091B23907132001DAD2A /* CALayer.swift */,
			);
			path = Extensions;
			sourceTree = "<group>";
		};
		CB88091E23907A7C001DAD2A /* Hind */ = {
			isa = PBXGroup;
			children = (
				CB88091F23907A7C001DAD2A /* Hind-Bold.ttf */,
				CB88092023907A7C001DAD2A /* Hind-SemiBold.ttf */,
				CB88092123907A7C001DAD2A /* Hind-Regular.ttf */,
			);
			path = Hind;
			sourceTree = "<group>";
		};
		CB8809252390868E001DAD2A /* Managers */ = {
			isa = PBXGroup;
			children = (
				CB8809262390868E001DAD2A /* HapticManager.swift */,
			);
			path = Managers;
			sourceTree = "<group>";
		};
		CBAB49B22392EDFA0020587E /* Models */ = {
			isa = PBXGroup;
			children = (
				CBAB49B32392EE150020587E /* Person.swift */,
			);
			path = Models;
			sourceTree = "<group>";
		};
		DD9975DD63EF315FA08C738E /* Frameworks */ = {
			isa = PBXGroup;
			children = (
				4EDBF4DA8281C9E95045D943 /* Pods_SocialNetwork.framework */,
			);
			name = Frameworks;
			sourceTree = "<group>";
		};
/* End PBXGroup section */

/* Begin PBXNativeTarget section */
		CB697DBA23904F64003A1E09 /* SocialNetwork */ = {
			isa = PBXNativeTarget;
			buildConfigurationList = CB697DCF23904F67003A1E09 /* Build configuration list for PBXNativeTarget "SocialNetwork" */;
			buildPhases = (
				8725DECAD32C41F6131E590F /* [CP] Check Pods Manifest.lock */,
				CB697DB723904F64003A1E09 /* Sources */,
				CB697DB823904F64003A1E09 /* Frameworks */,
				CB697DB923904F64003A1E09 /* Resources */,
				A182820A09BDDFE20CCF0387 /* [CP] Embed Pods Frameworks */,
			);
			buildRules = (
			);
			dependencies = (
			);
			name = SocialNetwork;
			productName = SocialNetwork;
			productReference = CB697DBB23904F64003A1E09 /* SocialNetwork.app */;
			productType = "com.apple.product-type.application";
		};
/* End PBXNativeTarget section */

/* Begin PBXProject section */
		CB697DB323904F64003A1E09 /* Project object */ = {
			isa = PBXProject;
			attributes = {
				LastSwiftUpdateCheck = 1120;
				LastUpgradeCheck = 1120;
				ORGANIZATIONNAME = "Taras Kiriienko";
				TargetAttributes = {
					CB697DBA23904F64003A1E09 = {
						CreatedOnToolsVersion = 11.2.1;
					};
				};
			};
			buildConfigurationList = CB697DB623904F64003A1E09 /* Build configuration list for PBXProject "SocialNetwork" */;
			compatibilityVersion = "Xcode 9.3";
			developmentRegion = en;
			hasScannedForEncodings = 0;
			knownRegions = (
				en,
				Base,
			);
			mainGroup = CB697DB223904F64003A1E09;
			productRefGroup = CB697DBC23904F64003A1E09 /* Products */;
			projectDirPath = "";
			projectRoot = "";
			targets = (
				CB697DBA23904F64003A1E09 /* SocialNetwork */,
			);
		};
/* End PBXProject section */

/* Begin PBXResourcesBuildPhase section */
		CB697DB923904F64003A1E09 /* Resources */ = {
			isa = PBXResourcesBuildPhase;
			buildActionMask = 2147483647;
			files = (
				CB88092423907A7C001DAD2A /* Hind-Regular.ttf in Resources */,
				CB697DCB23904F67003A1E09 /* LaunchScreen.storyboard in Resources */,
				CB88092223907A7C001DAD2A /* Hind-Bold.ttf in Resources */,
				CB697DC823904F67003A1E09 /* Assets.xcassets in Resources */,
				CB88090B2390622D001DAD2A /* Gilroy-Regular.otf in Resources */,
				CB88092323907A7C001DAD2A /* Hind-SemiBold.ttf in Resources */,
				CB8809102390622D001DAD2A /* Gilroy-Bold.otf in Resources */,
				CB8809112390622D001DAD2A /* Gilroy-Semibold.otf in Resources */,
				CB697DC623904F64003A1E09 /* People.storyboard in Resources */,
			);
			runOnlyForDeploymentPostprocessing = 0;
		};
/* End PBXResourcesBuildPhase section */

/* Begin PBXShellScriptBuildPhase section */
		8725DECAD32C41F6131E590F /* [CP] Check Pods Manifest.lock */ = {
			isa = PBXShellScriptBuildPhase;
			buildActionMask = 2147483647;
			files = (
			);
			inputFileListPaths = (
			);
			inputPaths = (
				"${PODS_PODFILE_DIR_PATH}/Podfile.lock",
				"${PODS_ROOT}/Manifest.lock",
			);
			name = "[CP] Check Pods Manifest.lock";
			outputFileListPaths = (
			);
			outputPaths = (
				"$(DERIVED_FILE_DIR)/Pods-SocialNetwork-checkManifestLockResult.txt",
			);
			runOnlyForDeploymentPostprocessing = 0;
			shellPath = /bin/sh;
			shellScript = "diff \"${PODS_PODFILE_DIR_PATH}/Podfile.lock\" \"${PODS_ROOT}/Manifest.lock\" > /dev/null\nif [ $? != 0 ] ; then\n    # print error to STDERR\n    echo \"error: The sandbox is not in sync with the Podfile.lock. Run 'pod install' or update your CocoaPods installation.\" >&2\n    exit 1\nfi\n# This output is used by Xcode 'outputs' to avoid re-running this script phase.\necho \"SUCCESS\" > \"${SCRIPT_OUTPUT_FILE_0}\"\n";
			showEnvVarsInLog = 0;
		};
		A182820A09BDDFE20CCF0387 /* [CP] Embed Pods Frameworks */ = {
			isa = PBXShellScriptBuildPhase;
			buildActionMask = 2147483647;
			files = (
			);
			inputFileListPaths = (
				"${PODS_ROOT}/Target Support Files/Pods-SocialNetwork/Pods-SocialNetwork-frameworks-${CONFIGURATION}-input-files.xcfilelist",
			);
			name = "[CP] Embed Pods Frameworks";
			outputFileListPaths = (
				"${PODS_ROOT}/Target Support Files/Pods-SocialNetwork/Pods-SocialNetwork-frameworks-${CONFIGURATION}-output-files.xcfilelist",
			);
			runOnlyForDeploymentPostprocessing = 0;
			shellPath = /bin/sh;
			shellScript = "\"${PODS_ROOT}/Target Support Files/Pods-SocialNetwork/Pods-SocialNetwork-frameworks.sh\"\n";
			showEnvVarsInLog = 0;
		};
/* End PBXShellScriptBuildPhase section */

/* Begin PBXSourcesBuildPhase section */
		CB697DB723904F64003A1E09 /* Sources */ = {
			isa = PBXSourcesBuildPhase;
			buildActionMask = 2147483647;
			files = (
				CB88091623906400001DAD2A /* PeopleTableViewCell.swift in Sources */,
				CB88091D23907132001DAD2A /* CALayer.swift in Sources */,
				CBAD00E12391831B0005E8C7 /* ManagePeopleViewController.swift in Sources */,
				CB06374B2392E9D00039CB55 /* AlertViewController.swift in Sources */,
				CBAB49B42392EE150020587E /* Person.swift in Sources */,
				CB8809272390868F001DAD2A /* HapticManager.swift in Sources */,
				CB88091923906AE0001DAD2A /* UIColor.swift in Sources */,
				CB697DC323904F64003A1E09 /* PeopleViewController.swift in Sources */,
				CB8808FE23905E86001DAD2A /* BaseViewController.swift in Sources */,
				CB697DBF23904F64003A1E09 /* AppDelegate.swift in Sources */,
				CB697DC123904F64003A1E09 /* SceneDelegate.swift in Sources */,
			);
			runOnlyForDeploymentPostprocessing = 0;
		};
/* End PBXSourcesBuildPhase section */

/* Begin PBXVariantGroup section */
		CB697DC423904F64003A1E09 /* People.storyboard */ = {
			isa = PBXVariantGroup;
			children = (
				CB697DC523904F64003A1E09 /* Base */,
			);
			name = People.storyboard;
			sourceTree = "<group>";
		};
		CB697DC923904F67003A1E09 /* LaunchScreen.storyboard */ = {
			isa = PBXVariantGroup;
			children = (
				CB697DCA23904F67003A1E09 /* Base */,
			);
			name = LaunchScreen.storyboard;
			sourceTree = "<group>";
		};
/* End PBXVariantGroup section */

/* Begin XCBuildConfiguration section */
		CB697DCD23904F67003A1E09 /* Debug */ = {
			isa = XCBuildConfiguration;
			buildSettings = {
				ALWAYS_SEARCH_USER_PATHS = NO;
				CLANG_ANALYZER_NONNULL = YES;
				CLANG_ANALYZER_NUMBER_OBJECT_CONVERSION = YES_AGGRESSIVE;
				CLANG_CXX_LANGUAGE_STANDARD = "gnu++14";
				CLANG_CXX_LIBRARY = "libc++";
				CLANG_ENABLE_MODULES = YES;
				CLANG_ENABLE_OBJC_ARC = YES;
				CLANG_ENABLE_OBJC_WEAK = YES;
				CLANG_WARN_BLOCK_CAPTURE_AUTORELEASING = YES;
				CLANG_WARN_BOOL_CONVERSION = YES;
				CLANG_WARN_COMMA = YES;
				CLANG_WARN_CONSTANT_CONVERSION = YES;
				CLANG_WARN_DEPRECATED_OBJC_IMPLEMENTATIONS = YES;
				CLANG_WARN_DIRECT_OBJC_ISA_USAGE = YES_ERROR;
				CLANG_WARN_DOCUMENTATION_COMMENTS = YES;
				CLANG_WARN_EMPTY_BODY = YES;
				CLANG_WARN_ENUM_CONVERSION = YES;
				CLANG_WARN_INFINITE_RECURSION = YES;
				CLANG_WARN_INT_CONVERSION = YES;
				CLANG_WARN_NON_LITERAL_NULL_CONVERSION = YES;
				CLANG_WARN_OBJC_IMPLICIT_RETAIN_SELF = YES;
				CLANG_WARN_OBJC_LITERAL_CONVERSION = YES;
				CLANG_WARN_OBJC_ROOT_CLASS = YES_ERROR;
				CLANG_WARN_RANGE_LOOP_ANALYSIS = YES;
				CLANG_WARN_STRICT_PROTOTYPES = YES;
				CLANG_WARN_SUSPICIOUS_MOVE = YES;
				CLANG_WARN_UNGUARDED_AVAILABILITY = YES_AGGRESSIVE;
				CLANG_WARN_UNREACHABLE_CODE = YES;
				CLANG_WARN__DUPLICATE_METHOD_MATCH = YES;
				COPY_PHASE_STRIP = NO;
				DEBUG_INFORMATION_FORMAT = dwarf;
				ENABLE_STRICT_OBJC_MSGSEND = YES;
				ENABLE_TESTABILITY = YES;
				GCC_C_LANGUAGE_STANDARD = gnu11;
				GCC_DYNAMIC_NO_PIC = NO;
				GCC_NO_COMMON_BLOCKS = YES;
				GCC_OPTIMIZATION_LEVEL = 0;
				GCC_PREPROCESSOR_DEFINITIONS = (
					"DEBUG=1",
					"$(inherited)",
				);
				GCC_WARN_64_TO_32_BIT_CONVERSION = YES;
				GCC_WARN_ABOUT_RETURN_TYPE = YES_ERROR;
				GCC_WARN_UNDECLARED_SELECTOR = YES;
				GCC_WARN_UNINITIALIZED_AUTOS = YES_AGGRESSIVE;
				GCC_WARN_UNUSED_FUNCTION = YES;
				GCC_WARN_UNUSED_VARIABLE = YES;
				IPHONEOS_DEPLOYMENT_TARGET = 13.2;
				MTL_ENABLE_DEBUG_INFO = INCLUDE_SOURCE;
				MTL_FAST_MATH = YES;
				ONLY_ACTIVE_ARCH = YES;
				SDKROOT = iphoneos;
				SWIFT_ACTIVE_COMPILATION_CONDITIONS = DEBUG;
				SWIFT_OPTIMIZATION_LEVEL = "-Onone";
			};
			name = Debug;
		};
		CB697DCE23904F67003A1E09 /* Release */ = {
			isa = XCBuildConfiguration;
			buildSettings = {
				ALWAYS_SEARCH_USER_PATHS = NO;
				CLANG_ANALYZER_NONNULL = YES;
				CLANG_ANALYZER_NUMBER_OBJECT_CONVERSION = YES_AGGRESSIVE;
				CLANG_CXX_LANGUAGE_STANDARD = "gnu++14";
				CLANG_CXX_LIBRARY = "libc++";
				CLANG_ENABLE_MODULES = YES;
				CLANG_ENABLE_OBJC_ARC = YES;
				CLANG_ENABLE_OBJC_WEAK = YES;
				CLANG_WARN_BLOCK_CAPTURE_AUTORELEASING = YES;
				CLANG_WARN_BOOL_CONVERSION = YES;
				CLANG_WARN_COMMA = YES;
				CLANG_WARN_CONSTANT_CONVERSION = YES;
				CLANG_WARN_DEPRECATED_OBJC_IMPLEMENTATIONS = YES;
				CLANG_WARN_DIRECT_OBJC_ISA_USAGE = YES_ERROR;
				CLANG_WARN_DOCUMENTATION_COMMENTS = YES;
				CLANG_WARN_EMPTY_BODY = YES;
				CLANG_WARN_ENUM_CONVERSION = YES;
				CLANG_WARN_INFINITE_RECURSION = YES;
				CLANG_WARN_INT_CONVERSION = YES;
				CLANG_WARN_NON_LITERAL_NULL_CONVERSION = YES;
				CLANG_WARN_OBJC_IMPLICIT_RETAIN_SELF = YES;
				CLANG_WARN_OBJC_LITERAL_CONVERSION = YES;
				CLANG_WARN_OBJC_ROOT_CLASS = YES_ERROR;
				CLANG_WARN_RANGE_LOOP_ANALYSIS = YES;
				CLANG_WARN_STRICT_PROTOTYPES = YES;
				CLANG_WARN_SUSPICIOUS_MOVE = YES;
				CLANG_WARN_UNGUARDED_AVAILABILITY = YES_AGGRESSIVE;
				CLANG_WARN_UNREACHABLE_CODE = YES;
				CLANG_WARN__DUPLICATE_METHOD_MATCH = YES;
				COPY_PHASE_STRIP = NO;
				DEBUG_INFORMATION_FORMAT = "dwarf-with-dsym";
				ENABLE_NS_ASSERTIONS = NO;
				ENABLE_STRICT_OBJC_MSGSEND = YES;
				GCC_C_LANGUAGE_STANDARD = gnu11;
				GCC_NO_COMMON_BLOCKS = YES;
				GCC_WARN_64_TO_32_BIT_CONVERSION = YES;
				GCC_WARN_ABOUT_RETURN_TYPE = YES_ERROR;
				GCC_WARN_UNDECLARED_SELECTOR = YES;
				GCC_WARN_UNINITIALIZED_AUTOS = YES_AGGRESSIVE;
				GCC_WARN_UNUSED_FUNCTION = YES;
				GCC_WARN_UNUSED_VARIABLE = YES;
				IPHONEOS_DEPLOYMENT_TARGET = 13.2;
				MTL_ENABLE_DEBUG_INFO = NO;
				MTL_FAST_MATH = YES;
				SDKROOT = iphoneos;
				SWIFT_COMPILATION_MODE = wholemodule;
				SWIFT_OPTIMIZATION_LEVEL = "-O";
				VALIDATE_PRODUCT = YES;
			};
			name = Release;
		};
		CB697DD023904F67003A1E09 /* Debug */ = {
			isa = XCBuildConfiguration;
			baseConfigurationReference = D79D83B0C2A0C71B2F148A47 /* Pods-SocialNetwork.debug.xcconfig */;
			buildSettings = {
				ASSETCATALOG_COMPILER_APPICON_NAME = AppIcon;
				CODE_SIGN_STYLE = Automatic;
				DEVELOPMENT_TEAM = 3V4XHG7F9W;
				INFOPLIST_FILE = SocialNetwork/Info.plist;
				IPHONEOS_DEPLOYMENT_TARGET = 11.0;
				LD_RUNPATH_SEARCH_PATHS = (
					"$(inherited)",
					"@executable_path/Frameworks",
				);
				PRODUCT_BUNDLE_IDENTIFIER = "taras.socialnetwork-ios";
				PRODUCT_NAME = SocialNetwork;
				SWIFT_VERSION = 5.0;
				TARGETED_DEVICE_FAMILY = 1;
			};
			name = Debug;
		};
		CB697DD123904F67003A1E09 /* Release */ = {
			isa = XCBuildConfiguration;
			baseConfigurationReference = 2DD6320D203A61FFA2C4A479 /* Pods-SocialNetwork.release.xcconfig */;
			buildSettings = {
				ASSETCATALOG_COMPILER_APPICON_NAME = AppIcon;
				CODE_SIGN_STYLE = Automatic;
				DEVELOPMENT_TEAM = 3V4XHG7F9W;
				INFOPLIST_FILE = SocialNetwork/Info.plist;
				IPHONEOS_DEPLOYMENT_TARGET = 11.0;
				LD_RUNPATH_SEARCH_PATHS = (
					"$(inherited)",
					"@executable_path/Frameworks",
				);
				PRODUCT_BUNDLE_IDENTIFIER = "taras.socialnetwork-ios";
				PRODUCT_NAME = SocialNetwork;
				SWIFT_VERSION = 5.0;
				TARGETED_DEVICE_FAMILY = 1;
			};
			name = Release;
		};
/* End XCBuildConfiguration section */

/* Begin XCConfigurationList section */
		CB697DB623904F64003A1E09 /* Build configuration list for PBXProject "SocialNetwork" */ = {
			isa = XCConfigurationList;
			buildConfigurations = (
				CB697DCD23904F67003A1E09 /* Debug */,
				CB697DCE23904F67003A1E09 /* Release */,
			);
			defaultConfigurationIsVisible = 0;
			defaultConfigurationName = Release;
		};
		CB697DCF23904F67003A1E09 /* Build configuration list for PBXNativeTarget "SocialNetwork" */ = {
			isa = XCConfigurationList;
			buildConfigurations = (
				CB697DD023904F67003A1E09 /* Debug */,
				CB697DD123904F67003A1E09 /* Release */,
			);
			defaultConfigurationIsVisible = 0;
			defaultConfigurationName = Release;
		};
/* End XCConfigurationList section */
	};
	rootObject = CB697DB323904F64003A1E09 /* Project object */;
}
